
Microsoft Visual Studio Solution File, Format Version 12.00
# Visual Studio Version 16
VisualStudioVersion = 16.0.30907.101
MinimumVisualStudioVersion = 10.0.40219.1
Project("{FAE04EC0-301F-11D3-BF4B-00C04F79EFBC}") = "TryCatchAssignment", "TryCatchAssignment\TryCatchAssignment.csproj", "{AE74E7D2-205A-412D-A214-7A0BE3EF238B}"
EndProject
Global
	GlobalSection(SolutionConfigurationPlatforms) = preSolution
		Debug|Any CPU = Debug|Any CPU
		Release|Any CPU = Release|Any CPU
	EndGlobalSection
	GlobalSection(ProjectConfigurationPlatforms) = postSolution
		{AE74E7D2-205A-412D-A214-7A0BE3EF238B}.Debug|Any CPU.ActiveCfg = Debug|Any CPU
		{AE74E7D2-205A-412D-A214-7A0BE3EF238B}.Debug|Any CPU.Build.0 = Debug|Any CPU
		{AE74E7D2-205A-412D-A214-7A0BE3EF238B}.Release|Any CPU.ActiveCfg = Release|Any CPU
		{AE74E7D2-205A-412D-A214-7A0BE3EF238B}.Release|Any CPU.Build.0 = Release|Any CPU
	EndGlobalSection
	GlobalSection(SolutionProperties) = preSolution
		HideSolutionNode = FALSE
	EndGlobalSection
	GlobalSection(ExtensibilityGlobals) = postSolution
		SolutionGuid = {3C9B9D55-B44F-4696-9FE8-AF66A771EF47}
	EndGlobalSection
EndGlobal
