
Microsoft Visual Studio Solution File, Format Version 12.00
# Visual Studio Version 16
VisualStudioVersion = 16.0.30907.101
MinimumVisualStudioVersion = 10.0.40219.1
Project("{FAE04EC0-301F-11D3-BF4B-00C04F79EFBC}") = "VariablesAndDataTypes", "VariablesAndDataTypes\VariablesAndDataTypes.csproj", "{1DEAC18E-EC76-4629-9239-10320847489B}"
EndProject
Global
	GlobalSection(SolutionConfigurationPlatforms) = preSolution
		Debug|Any CPU = Debug|Any CPU
		Release|Any CPU = Release|Any CPU
	EndGlobalSection
	GlobalSection(ProjectConfigurationPlatforms) = postSolution
		{1DEAC18E-EC76-4629-9239-10320847489B}.Debug|Any CPU.ActiveCfg = Debug|Any CPU
		{1DEAC18E-EC76-4629-9239-10320847489B}.Debug|Any CPU.Build.0 = Debug|Any CPU
		{1DEAC18E-EC76-4629-9239-10320847489B}.Release|Any CPU.ActiveCfg = Release|Any CPU
		{1DEAC18E-EC76-4629-9239-10320847489B}.Release|Any CPU.Build.0 = Release|Any CPU
	EndGlobalSection
	GlobalSection(SolutionProperties) = preSolution
		HideSolutionNode = FALSE
	EndGlobalSection
	GlobalSection(ExtensibilityGlobals) = postSolution
		SolutionGuid = {DFB6ED93-0111-4CE4-AFDB-8BEB7B620FAE}
	EndGlobalSection
EndGlobal
