
Microsoft Visual Studio Solution File, Format Version 12.00
# Visual Studio Version 16
VisualStudioVersion = 16.0.30907.101
MinimumVisualStudioVersion = 10.0.40219.1
Project("{FAE04EC0-301F-11D3-BF4B-00C04F79EFBC}") = "NewLineExample", "NewLineExample\NewLineExample.csproj", "{3F8906ED-15C6-4D3B-B872-9DCD09454E14}"
EndProject
Global
	GlobalSection(SolutionConfigurationPlatforms) = preSolution
		Debug|Any CPU = Debug|Any CPU
		Release|Any CPU = Release|Any CPU
	EndGlobalSection
	GlobalSection(ProjectConfigurationPlatforms) = postSolution
		{3F8906ED-15C6-4D3B-B872-9DCD09454E14}.Debug|Any CPU.ActiveCfg = Debug|Any CPU
		{3F8906ED-15C6-4D3B-B872-9DCD09454E14}.Debug|Any CPU.Build.0 = Debug|Any CPU
		{3F8906ED-15C6-4D3B-B872-9DCD09454E14}.Release|Any CPU.ActiveCfg = Release|Any CPU
		{3F8906ED-15C6-4D3B-B872-9DCD09454E14}.Release|Any CPU.Build.0 = Release|Any CPU
	EndGlobalSection
	GlobalSection(SolutionProperties) = preSolution
		HideSolutionNode = FALSE
	EndGlobalSection
	GlobalSection(ExtensibilityGlobals) = postSolution
		SolutionGuid = {54B7D150-F1D9-4F66-99A1-6B5DAC13D6A2}
	EndGlobalSection
EndGlobal
