
Microsoft Visual Studio Solution File, Format Version 12.00
# Visual Studio Version 16
VisualStudioVersion = 16.0.30907.101
MinimumVisualStudioVersion = 10.0.40219.1
Project("{FAE04EC0-301F-11D3-BF4B-00C04F79EFBC}") = "WhileLoops", "WhileLoops\WhileLoops.csproj", "{89F4CF15-BA41-4102-AC93-EE2E2827A181}"
EndProject
Global
	GlobalSection(SolutionConfigurationPlatforms) = preSolution
		Debug|Any CPU = Debug|Any CPU
		Release|Any CPU = Release|Any CPU
	EndGlobalSection
	GlobalSection(ProjectConfigurationPlatforms) = postSolution
		{89F4CF15-BA41-4102-AC93-EE2E2827A181}.Debug|Any CPU.ActiveCfg = Debug|Any CPU
		{89F4CF15-BA41-4102-AC93-EE2E2827A181}.Debug|Any CPU.Build.0 = Debug|Any CPU
		{89F4CF15-BA41-4102-AC93-EE2E2827A181}.Release|Any CPU.ActiveCfg = Release|Any CPU
		{89F4CF15-BA41-4102-AC93-EE2E2827A181}.Release|Any CPU.Build.0 = Release|Any CPU
	EndGlobalSection
	GlobalSection(SolutionProperties) = preSolution
		HideSolutionNode = FALSE
	EndGlobalSection
	GlobalSection(ExtensibilityGlobals) = postSolution
		SolutionGuid = {EC2E6192-1982-4DC9-99FF-F72CAAD9A7B5}
	EndGlobalSection
EndGlobal
