
Microsoft Visual Studio Solution File, Format Version 12.00
# Visual Studio Version 16
VisualStudioVersion = 16.0.30907.101
MinimumVisualStudioVersion = 10.0.40219.1
Project("{FAE04EC0-301F-11D3-BF4B-00C04F79EFBC}") = "TechAcadStudentsMVC", "TechAcadStudentsMVC\TechAcadStudentsMVC.csproj", "{39ED84B0-8A51-4AD9-9DED-5AF4130DB3D2}"
EndProject
Global
	GlobalSection(SolutionConfigurationPlatforms) = preSolution
		Debug|Any CPU = Debug|Any CPU
		Release|Any CPU = Release|Any CPU
	EndGlobalSection
	GlobalSection(ProjectConfigurationPlatforms) = postSolution
		{39ED84B0-8A51-4AD9-9DED-5AF4130DB3D2}.Debug|Any CPU.ActiveCfg = Debug|Any CPU
		{39ED84B0-8A51-4AD9-9DED-5AF4130DB3D2}.Debug|Any CPU.Build.0 = Debug|Any CPU
		{39ED84B0-8A51-4AD9-9DED-5AF4130DB3D2}.Release|Any CPU.ActiveCfg = Release|Any CPU
		{39ED84B0-8A51-4AD9-9DED-5AF4130DB3D2}.Release|Any CPU.Build.0 = Release|Any CPU
	EndGlobalSection
	GlobalSection(SolutionProperties) = preSolution
		HideSolutionNode = FALSE
	EndGlobalSection
	GlobalSection(ExtensibilityGlobals) = postSolution
		SolutionGuid = {D4D94E2E-3AD1-484D-B5BE-E1D3D2BEF9F9}
	EndGlobalSection
EndGlobal
