
Microsoft Visual Studio Solution File, Format Version 12.00
# Visual Studio Version 16
VisualStudioVersion = 16.0.30907.101
MinimumVisualStudioVersion = 10.0.40219.1
Project("{9A19103F-16F7-4668-BE54-9A1E7A4F7556}") = "TwentyOnev2", "TwentyOnev2\TwentyOnev2.csproj", "{5205BA13-79B9-4DD0-BF02-0B0AD5D381AB}"
EndProject
Project("{FAE04EC0-301F-11D3-BF4B-00C04F79EFBC}") = "Casino", "Casino\Casino.csproj", "{ABEA17C0-3323-4632-9132-DFCA795FA7E2}"
EndProject
Global
	GlobalSection(SolutionConfigurationPlatforms) = preSolution
		Debug|Any CPU = Debug|Any CPU
		Release|Any CPU = Release|Any CPU
	EndGlobalSection
	GlobalSection(ProjectConfigurationPlatforms) = postSolution
		{5205BA13-79B9-4DD0-BF02-0B0AD5D381AB}.Debug|Any CPU.ActiveCfg = Debug|Any CPU
		{5205BA13-79B9-4DD0-BF02-0B0AD5D381AB}.Debug|Any CPU.Build.0 = Debug|Any CPU
		{5205BA13-79B9-4DD0-BF02-0B0AD5D381AB}.Release|Any CPU.ActiveCfg = Release|Any CPU
		{5205BA13-79B9-4DD0-BF02-0B0AD5D381AB}.Release|Any CPU.Build.0 = Release|Any CPU
		{ABEA17C0-3323-4632-9132-DFCA795FA7E2}.Debug|Any CPU.ActiveCfg = Debug|Any CPU
		{ABEA17C0-3323-4632-9132-DFCA795FA7E2}.Debug|Any CPU.Build.0 = Debug|Any CPU
		{ABEA17C0-3323-4632-9132-DFCA795FA7E2}.Release|Any CPU.ActiveCfg = Release|Any CPU
		{ABEA17C0-3323-4632-9132-DFCA795FA7E2}.Release|Any CPU.Build.0 = Release|Any CPU
	EndGlobalSection
	GlobalSection(SolutionProperties) = preSolution
		HideSolutionNode = FALSE
	EndGlobalSection
	GlobalSection(ExtensibilityGlobals) = postSolution
		SolutionGuid = {BE5BCFF6-7519-4663-AA36-90A9AF3D8403}
	EndGlobalSection
EndGlobal
