
Microsoft Visual Studio Solution File, Format Version 12.00
# Visual Studio Version 16
VisualStudioVersion = 16.0.30907.101
MinimumVisualStudioVersion = 10.0.40219.1
Project("{FAE04EC0-301F-11D3-BF4B-00C04F79EFBC}") = "StudentReport", "StudentReport\StudentReport.csproj", "{E9ACF605-F7C0-4DAB-816A-11233330FCD3}"
EndProject
Global
	GlobalSection(SolutionConfigurationPlatforms) = preSolution
		Debug|Any CPU = Debug|Any CPU
		Release|Any CPU = Release|Any CPU
	EndGlobalSection
	GlobalSection(ProjectConfigurationPlatforms) = postSolution
		{E9ACF605-F7C0-4DAB-816A-11233330FCD3}.Debug|Any CPU.ActiveCfg = Debug|Any CPU
		{E9ACF605-F7C0-4DAB-816A-11233330FCD3}.Debug|Any CPU.Build.0 = Debug|Any CPU
		{E9ACF605-F7C0-4DAB-816A-11233330FCD3}.Release|Any CPU.ActiveCfg = Release|Any CPU
		{E9ACF605-F7C0-4DAB-816A-11233330FCD3}.Release|Any CPU.Build.0 = Release|Any CPU
	EndGlobalSection
	GlobalSection(SolutionProperties) = preSolution
		HideSolutionNode = FALSE
	EndGlobalSection
	GlobalSection(ExtensibilityGlobals) = postSolution
		SolutionGuid = {A09323C0-E70D-4C56-B22F-EC786BC12B02}
	EndGlobalSection
EndGlobal
