
Microsoft Visual Studio Solution File, Format Version 12.00
# Visual Studio Version 16
VisualStudioVersion = 16.0.30907.101
MinimumVisualStudioVersion = 10.0.40219.1
Project("{FAE04EC0-301F-11D3-BF4B-00C04F79EFBC}") = "IterationExample", "IterationExample\IterationExample.csproj", "{C2267C4F-9A7D-4512-AF8A-DA96839E48FE}"
EndProject
Global
	GlobalSection(SolutionConfigurationPlatforms) = preSolution
		Debug|Any CPU = Debug|Any CPU
		Release|Any CPU = Release|Any CPU
	EndGlobalSection
	GlobalSection(ProjectConfigurationPlatforms) = postSolution
		{C2267C4F-9A7D-4512-AF8A-DA96839E48FE}.Debug|Any CPU.ActiveCfg = Debug|Any CPU
		{C2267C4F-9A7D-4512-AF8A-DA96839E48FE}.Debug|Any CPU.Build.0 = Debug|Any CPU
		{C2267C4F-9A7D-4512-AF8A-DA96839E48FE}.Release|Any CPU.ActiveCfg = Release|Any CPU
		{C2267C4F-9A7D-4512-AF8A-DA96839E48FE}.Release|Any CPU.Build.0 = Release|Any CPU
	EndGlobalSection
	GlobalSection(SolutionProperties) = preSolution
		HideSolutionNode = FALSE
	EndGlobalSection
	GlobalSection(ExtensibilityGlobals) = postSolution
		SolutionGuid = {FDBEC19E-74AA-42B6-8EA0-91BEF73371C8}
	EndGlobalSection
EndGlobal
