
Microsoft Visual Studio Solution File, Format Version 12.00
# Visual Studio Version 16
VisualStudioVersion = 16.0.30907.101
MinimumVisualStudioVersion = 10.0.40219.1
Project("{FAE04EC0-301F-11D3-BF4B-00C04F79EFBC}") = "TwentyOne", "TwentyOne\TwentyOne.csproj", "{FCE0CEC0-4254-455C-A84C-30B3EEAA4C0B}"
EndProject
Global
	GlobalSection(SolutionConfigurationPlatforms) = preSolution
		Debug|Any CPU = Debug|Any CPU
		Release|Any CPU = Release|Any CPU
	EndGlobalSection
	GlobalSection(ProjectConfigurationPlatforms) = postSolution
		{FCE0CEC0-4254-455C-A84C-30B3EEAA4C0B}.Debug|Any CPU.ActiveCfg = Debug|Any CPU
		{FCE0CEC0-4254-455C-A84C-30B3EEAA4C0B}.Debug|Any CPU.Build.0 = Debug|Any CPU
		{FCE0CEC0-4254-455C-A84C-30B3EEAA4C0B}.Release|Any CPU.ActiveCfg = Release|Any CPU
		{FCE0CEC0-4254-455C-A84C-30B3EEAA4C0B}.Release|Any CPU.Build.0 = Release|Any CPU
	EndGlobalSection
	GlobalSection(SolutionProperties) = preSolution
		HideSolutionNode = FALSE
	EndGlobalSection
	GlobalSection(ExtensibilityGlobals) = postSolution
		SolutionGuid = {BCED5CF7-91FF-4475-8CFE-89C96EFA68BC}
	EndGlobalSection
EndGlobal
