
Microsoft Visual Studio Solution File, Format Version 12.00
# Visual Studio Version 16
VisualStudioVersion = 16.0.30907.101
MinimumVisualStudioVersion = 10.0.40219.1
Project("{FAE04EC0-301F-11D3-BF4B-00C04F79EFBC}") = "WebApplication3", "WebApplication3\WebApplication3.csproj", "{28160581-778E-4F2C-8A47-7B052382D1F6}"
EndProject
Global
	GlobalSection(SolutionConfigurationPlatforms) = preSolution
		Debug|Any CPU = Debug|Any CPU
		Release|Any CPU = Release|Any CPU
	EndGlobalSection
	GlobalSection(ProjectConfigurationPlatforms) = postSolution
		{28160581-778E-4F2C-8A47-7B052382D1F6}.Debug|Any CPU.ActiveCfg = Debug|Any CPU
		{28160581-778E-4F2C-8A47-7B052382D1F6}.Debug|Any CPU.Build.0 = Debug|Any CPU
		{28160581-778E-4F2C-8A47-7B052382D1F6}.Release|Any CPU.ActiveCfg = Release|Any CPU
		{28160581-778E-4F2C-8A47-7B052382D1F6}.Release|Any CPU.Build.0 = Release|Any CPU
	EndGlobalSection
	GlobalSection(SolutionProperties) = preSolution
		HideSolutionNode = FALSE
	EndGlobalSection
	GlobalSection(ExtensibilityGlobals) = postSolution
		SolutionGuid = {28739B4D-2D80-42C5-917F-C3614D763D22}
	EndGlobalSection
EndGlobal
