
Microsoft Visual Studio Solution File, Format Version 12.00
# Visual Studio Version 16
VisualStudioVersion = 16.0.30907.101
MinimumVisualStudioVersion = 10.0.40219.1
Project("{FAE04EC0-301F-11D3-BF4B-00C04F79EFBC}") = "BooleanLogic", "BooleanLogic\BooleanLogic.csproj", "{CE6720C2-93AC-4504-8087-2A8E60E54A57}"
EndProject
Global
	GlobalSection(SolutionConfigurationPlatforms) = preSolution
		Debug|Any CPU = Debug|Any CPU
		Release|Any CPU = Release|Any CPU
	EndGlobalSection
	GlobalSection(ProjectConfigurationPlatforms) = postSolution
		{CE6720C2-93AC-4504-8087-2A8E60E54A57}.Debug|Any CPU.ActiveCfg = Debug|Any CPU
		{CE6720C2-93AC-4504-8087-2A8E60E54A57}.Debug|Any CPU.Build.0 = Debug|Any CPU
		{CE6720C2-93AC-4504-8087-2A8E60E54A57}.Release|Any CPU.ActiveCfg = Release|Any CPU
		{CE6720C2-93AC-4504-8087-2A8E60E54A57}.Release|Any CPU.Build.0 = Release|Any CPU
	EndGlobalSection
	GlobalSection(SolutionProperties) = preSolution
		HideSolutionNode = FALSE
	EndGlobalSection
	GlobalSection(ExtensibilityGlobals) = postSolution
		SolutionGuid = {96246798-A8E4-48FD-B1D6-4E75471DC15B}
	EndGlobalSection
EndGlobal
