
Microsoft Visual Studio Solution File, Format Version 12.00
# Visual Studio Version 16
VisualStudioVersion = 16.0.30907.101
MinimumVisualStudioVersion = 10.0.40219.1
Project("{FAE04EC0-301F-11D3-BF4B-00C04F79EFBC}") = "myConsoleProject.cs", "myConsoleProject.cs\myConsoleProject.cs.csproj", "{C51A77C0-7F1E-46DE-97A3-4F4F762A4B41}"
EndProject
Global
	GlobalSection(SolutionConfigurationPlatforms) = preSolution
		Debug|Any CPU = Debug|Any CPU
		Release|Any CPU = Release|Any CPU
	EndGlobalSection
	GlobalSection(ProjectConfigurationPlatforms) = postSolution
		{C51A77C0-7F1E-46DE-97A3-4F4F762A4B41}.Debug|Any CPU.ActiveCfg = Debug|Any CPU
		{C51A77C0-7F1E-46DE-97A3-4F4F762A4B41}.Debug|Any CPU.Build.0 = Debug|Any CPU
		{C51A77C0-7F1E-46DE-97A3-4F4F762A4B41}.Release|Any CPU.ActiveCfg = Release|Any CPU
		{C51A77C0-7F1E-46DE-97A3-4F4F762A4B41}.Release|Any CPU.Build.0 = Release|Any CPU
	EndGlobalSection
	GlobalSection(SolutionProperties) = preSolution
		HideSolutionNode = FALSE
	EndGlobalSection
	GlobalSection(ExtensibilityGlobals) = postSolution
		SolutionGuid = {8EB072D8-E3A1-4ABC-BAC6-71C2CE69AB05}
	EndGlobalSection
EndGlobal
